{
  "v0.10.4": {
    "linux-x86_64": "95aaa8e89473f5421114f2787c13ae0ec6e11ebbd1a13a1bd6fcf63420f8073f",
    "linux-arm64": "c819bf47a9878013ba35ceae87125dd170ede4a72844d049fb35f781045872eb"
  },
  "v0.11.7": {
    "linux-x86_64": "38a7c6317f94503841096c00e8fde05ef04b9472fc9d7d62b6e033cecd6f7991",
    "linux-arm64": "99bb3c53604e83ce18fc0b459e34cf1a5e212f4e5fbe2eb136b3c18092ae9905"
  },
  "v0.12.5": {
    "linux-x86_64": "bce0f56eda1f1b1db6eee8f4133d7a38813ea07933837dd1777411ca384c6875",
    "linux-arm64": "1aa5ca085249580ae0f91eb14f27ec0919773ff2d99a163d03f3d6c21ac29725"
  }
}
